// !$*UTF8*$!
{
	archiveVersion = 1;
	classes = {
	};
	objectVersion = 46;
	objects = {

/* Begin PBXBuildFile section */
		B10D9FD01A768A6700B52DB1 /* AppDelegate.swift in Sources */ = {isa = PBXBuildFile; fileRef = B10D9FCF1A768A6700B52DB1 /* AppDelegate.swift */; };
		B10D9FD21A768A6700B52DB1 /* ViewController.swift in Sources */ = {isa = PBXBuildFile; fileRef = B10D9FD11A768A6700B52DB1 /* ViewController.swift */; };
		B10D9FD51A768A6700B52DB1 /* Main.storyboard in Resources */ = {isa = PBXBuildFile; fileRef = B10D9FD31A768A6700B52DB1 /* Main.storyboard */; };
		B10D9FD71A768A6700B52DB1 /* Images.xcassets in Resources */ = {isa = PBXBuildFile; fileRef = B10D9FD61A768A6700B52DB1 /* Images.xcassets */; };
		B10D9FDA1A768A6700B52DB1 /* LaunchScreen.xib in Resources */ = {isa = PBXBuildFile; fileRef = B10D9FD81A768A6700B52DB1 /* LaunchScreen.xib */; };
		B10D9FE61A768A6700B52DB1 /* CalculatorTests.swift in Sources */ = {isa = PBXBuildFile; fileRef = B10D9FE51A768A6700B52DB1 /* CalculatorTests.swift */; };
		B14168841A79CE49003D9F4B /* CalculatorBrain.swift in Sources */ = {isa = PBXBuildFile; fileRef = B14168831A79CE49003D9F4B /* CalculatorBrain.swift */; };
/* End PBXBuildFile section */

/* Begin PBXContainerItemProxy section */
		B10D9FE01A768A6700B52DB1 /* PBXContainerItemProxy */ = {
			isa = PBXContainerItemProxy;
			containerPortal = B10D9FC21A768A6600B52DB1 /* Project object */;
			proxyType = 1;
			remoteGlobalIDString = B10D9FC91A768A6700B52DB1;
			remoteInfo = Calculator;
		};
/* End PBXContainerItemProxy section */

/* Begin PBXFileReference section */
		B10D9FCA1A768A6700B52DB1 /* Calculator.app */ = {isa = PBXFileReference; explicitFileType = wrapper.application; includeInIndex = 0; path = Calculator.app; sourceTree = BUILT_PRODUCTS_DIR; };
		B10D9FCE1A768A6700B52DB1 /* Info.plist */ = {isa = PBXFileReference; lastKnownFileType = text.plist.xml; path = Info.plist; sourceTree = "<group>"; };
		B10D9FCF1A768A6700B52DB1 /* AppDelegate.swift */ = {isa = PBXFileReference; lastKnownFileType = sourcecode.swift; path = AppDelegate.swift; sourceTree = "<group>"; };
		B10D9FD11A768A6700B52DB1 /* ViewController.swift */ = {isa = PBXFileReference; lastKnownFileType = sourcecode.swift; path = ViewController.swift; sourceTree = "<group>"; };
		B10D9FD41A768A6700B52DB1 /* Base */ = {isa = PBXFileReference; lastKnownFileType = file.storyboard; name = Base; path = Base.lproj/Main.storyboard; sourceTree = "<group>"; };
		B10D9FD61A768A6700B52DB1 /* Images.xcassets */ = {isa = PBXFileReference; lastKnownFileType = folder.assetcatalog; path = Images.xcassets; sourceTree = "<group>"; };
		B10D9FD91A768A6700B52DB1 /* Base */ = {isa = PBXFileReference; lastKnownFileType = file.xib; name = Base; path = Base.lproj/LaunchScreen.xib; sourceTree = "<group>"; };
		B10D9FDF1A768A6700B52DB1 /* CalculatorTests.xctest */ = {isa = PBXFileReference; explicitFileType = wrapper.cfbundle; includeInIndex = 0; path = CalculatorTests.xctest; sourceTree = BUILT_PRODUCTS_DIR; };
		B10D9FE41A768A6700B52DB1 /* Info.plist */ = {isa = PBXFileReference; lastKnownFileType = text.plist.xml; path = Info.plist; sourceTree = "<group>"; };
		B10D9FE51A768A6700B52DB1 /* CalculatorTests.swift */ = {isa = PBXFileReference; lastKnownFileType = sourcecode.swift; path = CalculatorTests.swift; sourceTree = "<group>"; };
		B14168831A79CE49003D9F4B /* CalculatorBrain.swift */ = {isa = PBXFileReference; fileEncoding = 4; lastKnownFileType = sourcecode.swift; path = CalculatorBrain.swift; sourceTree = "<group>"; };
/* End PBXFileReference section */

/* Begin PBXFrameworksBuildPhase section */
		B10D9FC71A768A6700B52DB1 /* Frameworks */ = {
			isa = PBXFrameworksBuildPhase;
			buildActionMask = 2147483647;
			files = (
			);
			runOnlyForDeploymentPostprocessing = 0;
		};
		B10D9FDC1A768A6700B52DB1 /* Frameworks */ = {
			isa = PBXFrameworksBuildPhase;
			buildActionMask = 2147483647;
			files = (
			);
			runOnlyForDeploymentPostprocessing = 0;
		};
/* End PBXFrameworksBuildPhase section */

/* Begin PBXGroup section */
		B10D9FC11A768A6600B52DB1 = {
			isa = PBXGroup;
			children = (
				B10D9FCC1A768A6700B52DB1 /* Calculator */,
				B10D9FE21A768A6700B52DB1 /* CalculatorTests */,
				B10D9FCB1A768A6700B52DB1 /* Products */,
			);
			sourceTree = "<group>";
		};
		B10D9FCB1A768A6700B52DB1 /* Products */ = {
			isa = PBXGroup;
			children = (
				B10D9FCA1A768A6700B52DB1 /* Calculator.app */,
				B10D9FDF1A768A6700B52DB1 /* CalculatorTests.xctest */,
			);
			name = Products;
			sourceTree = "<group>";
		};
		B10D9FCC1A768A6700B52DB1 /* Calculator */ = {
			isa = PBXGroup;
			children = (
				B10D9FD11A768A6700B52DB1 /* ViewController.swift */,
				B14168831A79CE49003D9F4B /* CalculatorBrain.swift */,
				B10D9FD31A768A6700B52DB1 /* Main.storyboard */,
				B10D9FCD1A768A6700B52DB1 /* Supporting Files */,
			);
			path = Calculator;
			sourceTree = "<group>";
		};
		B10D9FCD1A768A6700B52DB1 /* Supporting Files */ = {
			isa = PBXGroup;
			children = (
				B10D9FCF1A768A6700B52DB1 /* AppDelegate.swift */,
				B10D9FD61A768A6700B52DB1 /* Images.xcassets */,
				B10D9FD81A768A6700B52DB1 /* LaunchScreen.xib */,
				B10D9FCE1A768A6700B52DB1 /* Info.plist */,
			);
			name = "Supporting Files";
			sourceTree = "<group>";
		};
		B10D9FE21A768A6700B52DB1 /* CalculatorTests */ = {
			isa = PBXGroup;
			children = (
				B10D9FE51A768A6700B52DB1 /* CalculatorTests.swift */,
				B10D9FE31A768A6700B52DB1 /* Supporting Files */,
			);
			path = CalculatorTests;
			sourceTree = "<group>";
		};
		B10D9FE31A768A6700B52DB1 /* Supporting Files */ = {
			isa = PBXGroup;
			children = (
				B10D9FE41A768A6700B52DB1 /* Info.plist */,
			);
			name = "Supporting Files";
			sourceTree = "<group>";
		};
/* End PBXGroup section */

/* Begin PBXNativeTarget section */
		B10D9FC91A768A6700B52DB1 /* Calculator */ = {
			isa = PBXNativeTarget;
			buildConfigurationList = B10D9FE91A768A6700B52DB1 /* Build configuration list for PBXNativeTarget "Calculator" */;
			buildPhases = (
				B10D9FC61A768A6700B52DB1 /* Sources */,
				B10D9FC71A768A6700B52DB1 /* Frameworks */,
				B10D9FC81A768A6700B52DB1 /* Resources */,
			);
			buildRules = (
			);
			dependencies = (
			);
			name = Calculator;
			productName = Calculator;
			productReference = B10D9FCA1A768A6700B52DB1 /* Calculator.app */;
			productType = "com.apple.product-type.application";
		};
		B10D9FDE1A768A6700B52DB1 /* CalculatorTests */ = {
			isa = PBXNativeTarget;
			buildConfigurationList = B10D9FEC1A768A6700B52DB1 /* Build configuration list for PBXNativeTarget "CalculatorTests" */;
			buildPhases = (
				B10D9FDB1A768A6700B52DB1 /* Sources */,
				B10D9FDC1A768A6700B52DB1 /* Frameworks */,
				B10D9FDD1A768A6700B52DB1 /* Resources */,
			);
			buildRules = (
			);
			dependencies = (
				B10D9FE11A768A6700B52DB1 /* PBXTargetDependency */,
			);
			name = CalculatorTests;
			productName = CalculatorTests;
			productReference = B10D9FDF1A768A6700B52DB1 /* CalculatorTests.xctest */;
			productType = "com.apple.product-type.bundle.unit-test";
		};
/* End PBXNativeTarget section */

/* Begin PBXProject section */
		B10D9FC21A768A6600B52DB1 /* Project object */ = {
			isa = PBXProject;
			attributes = {
				LastUpgradeCheck = 0610;
				ORGANIZATIONNAME = "薛纪杰";
				TargetAttributes = {
					B10D9FC91A768A6700B52DB1 = {
						CreatedOnToolsVersion = 6.1.1;
					};
					B10D9FDE1A768A6700B52DB1 = {
						CreatedOnToolsVersion = 6.1.1;
						TestTargetID = B10D9FC91A768A6700B52DB1;
					};
				};
			};
			buildConfigurationList = B10D9FC51A768A6600B52DB1 /* Build configuration list for PBXProject "Calculator" */;
			compatibilityVersion = "Xcode 3.2";
			developmentRegion = English;
			hasScannedForEncodings = 0;
			knownRegions = (
				en,
				Base,
			);
			mainGroup = B10D9FC11A768A6600B52DB1;
			productRefGroup = B10D9FCB1A768A6700B52DB1 /* Products */;
			projectDirPath = "";
			projectRoot = "";
			targets = (
				B10D9FC91A768A6700B52DB1 /* Calculator */,
				B10D9FDE1A768A6700B52DB1 /* CalculatorTests */,
			);
		};
/* End PBXProject section */

/* Begin PBXResourcesBuildPhase section */
		B10D9FC81A768A6700B52DB1 /* Resources */ = {
			isa = PBXResourcesBuildPhase;
			buildActionMask = 2147483647;
			files = (
				B10D9FD51A768A6700B52DB1 /* Main.storyboard in Resources */,
				B10D9FDA1A768A6700B52DB1 /* LaunchScreen.xib in Resources */,
				B10D9FD71A768A6700B52DB1 /* Images.xcassets in Resources */,
			);
			runOnlyForDeploymentPostprocessing = 0;
		};
		B10D9FDD1A768A6700B52DB1 /* Resources */ = {
			isa = PBXResourcesBuildPhase;
			buildActionMask = 2147483647;
			files = (
			);
			runOnlyForDeploymentPostprocessing = 0;
		};
/* End PBXResourcesBuildPhase section */

/* Begin PBXSourcesBuildPhase section */
		B10D9FC61A768A6700B52DB1 /* Sources */ = {
			isa = PBXSourcesBuildPhase;
			buildActionMask = 2147483647;
			files = (
				B14168841A79CE49003D9F4B /* CalculatorBrain.swift in Sources */,
				B10D9FD21A768A6700B52DB1 /* ViewController.swift in Sources */,
				B10D9FD01A768A6700B52DB1 /* AppDelegate.swift in Sources */,
			);
			runOnlyForDeploymentPostprocessing = 0;
		};
		B10D9FDB1A768A6700B52DB1 /* Sources */ = {
			isa = PBXSourcesBuildPhase;
			buildActionMask = 2147483647;
			files = (
				B10D9FE61A768A6700B52DB1 /* CalculatorTests.swift in Sources */,
			);
			runOnlyForDeploymentPostprocessing = 0;
		};
/* End PBXSourcesBuildPhase section */

/* Begin PBXTargetDependency section */
		B10D9FE11A768A6700B52DB1 /* PBXTargetDependency */ = {
			isa = PBXTargetDependency;
			target = B10D9FC91A768A6700B52DB1 /* Calculator */;
			targetProxy = B10D9FE01A768A6700B52DB1 /* PBXContainerItemProxy */;
		};
/* End PBXTargetDependency section */

/* Begin PBXVariantGroup section */
		B10D9FD31A768A6700B52DB1 /* Main.storyboard */ = {
			isa = PBXVariantGroup;
			children = (
				B10D9FD41A768A6700B52DB1 /* Base */,
			);
			name = Main.storyboard;
			sourceTree = "<group>";
		};
		B10D9FD81A768A6700B52DB1 /* LaunchScreen.xib */ = {
			isa = PBXVariantGroup;
			children = (
				B10D9FD91A768A6700B52DB1 /* Base */,
			);
			name = LaunchScreen.xib;
			sourceTree = "<group>";
		};
/* End PBXVariantGroup section */

/* Begin XCBuildConfiguration section */
		B10D9FE71A768A6700B52DB1 /* Debug */ = {
			isa = XCBuildConfiguration;
			buildSettings = {
				ALWAYS_SEARCH_USER_PATHS = NO;
				CLANG_CXX_LANGUAGE_STANDARD = "gnu++0x";
				CLANG_CXX_LIBRARY = "libc++";
				CLANG_ENABLE_MODULES = YES;
				CLANG_ENABLE_OBJC_ARC = YES;
				CLANG_WARN_BOOL_CONVERSION = YES;
				CLANG_WARN_CONSTANT_CONVERSION = YES;
				CLANG_WARN_DIRECT_OBJC_ISA_USAGE = YES_ERROR;
				CLANG_WARN_EMPTY_BODY = YES;
				CLANG_WARN_ENUM_CONVERSION = YES;
				CLANG_WARN_INT_CONVERSION = YES;
				CLANG_WARN_OBJC_ROOT_CLASS = YES_ERROR;
				CLANG_WARN_UNREACHABLE_CODE = YES;
				CLANG_WARN__DUPLICATE_METHOD_MATCH = YES;
				"CODE_SIGN_IDENTITY[sdk=iphoneos*]" = "iPhone Developer";
				COPY_PHASE_STRIP = NO;
				ENABLE_STRICT_OBJC_MSGSEND = YES;
				GCC_C_LANGUAGE_STANDARD = gnu99;
				GCC_DYNAMIC_NO_PIC = NO;
				GCC_OPTIMIZATION_LEVEL = 0;
				GCC_PREPROCESSOR_DEFINITIONS = (
					"DEBUG=1",
					"$(inherited)",
				);
				GCC_SYMBOLS_PRIVATE_EXTERN = NO;
				GCC_WARN_64_TO_32_BIT_CONVERSION = YES;
				GCC_WARN_ABOUT_RETURN_TYPE = YES_ERROR;
				GCC_WARN_UNDECLARED_SELECTOR = YES;
				GCC_WARN_UNINITIALIZED_AUTOS = YES_AGGRESSIVE;
				GCC_WARN_UNUSED_FUNCTION = YES;
				GCC_WARN_UNUSED_VARIABLE = YES;
				IPHONEOS_DEPLOYMENT_TARGET = 8.1;
				MTL_ENABLE_DEBUG_INFO = YES;
				ONLY_ACTIVE_ARCH = YES;
				SDKROOT = iphoneos;
				SWIFT_OPTIMIZATION_LEVEL = "-Onone";
				TARGETED_DEVICE_FAMILY = "1,2";
			};
			name = Debug;
		};
		B10D9FE81A768A6700B52DB1 /* Release */ = {
			isa = XCBuildConfiguration;
			buildSettings = {
				ALWAYS_SEARCH_USER_PATHS = NO;
				CLANG_CXX_LANGUAGE_STANDARD = "gnu++0x";
				CLANG_CXX_LIBRARY = "libc++";
				CLANG_ENABLE_MODULES = YES;
				CLANG_ENABLE_OBJC_ARC = YES;
				CLANG_WARN_BOOL_CONVERSION = YES;
				CLANG_WARN_CONSTANT_CONVERSION = YES;
				CLANG_WARN_DIRECT_OBJC_ISA_USAGE = YES_ERROR;
				CLANG_WARN_EMPTY_BODY = YES;
				CLANG_WARN_ENUM_CONVERSION = YES;
				CLANG_WARN_INT_CONVERSION = YES;
				CLANG_WARN_OBJC_ROOT_CLASS = YES_ERROR;
				CLANG_WARN_UNREACHABLE_CODE = YES;
				CLANG_WARN__DUPLICATE_METHOD_MATCH = YES;
				"CODE_SIGN_IDENTITY[sdk=iphoneos*]" = "iPhone Developer";
				COPY_PHASE_STRIP = YES;
				ENABLE_NS_ASSERTIONS = NO;
				ENABLE_STRICT_OBJC_MSGSEND = YES;
				GCC_C_LANGUAGE_STANDARD = gnu99;
				GCC_WARN_64_TO_32_BIT_CONVERSION = YES;
				GCC_WARN_ABOUT_RETURN_TYPE = YES_ERROR;
				GCC_WARN_UNDECLARED_SELECTOR = YES;
				GCC_WARN_UNINITIALIZED_AUTOS = YES_AGGRESSIVE;
				GCC_WARN_UNUSED_FUNCTION = YES;
				GCC_WARN_UNUSED_VARIABLE = YES;
				IPHONEOS_DEPLOYMENT_TARGET = 8.1;
				MTL_ENABLE_DEBUG_INFO = NO;
				SDKROOT = iphoneos;
				TARGETED_DEVICE_FAMILY = "1,2";
				VALIDATE_PRODUCT = YES;
			};
			name = Release;
		};
		B10D9FEA1A768A6700B52DB1 /* Debug */ = {
			isa = XCBuildConfiguration;
			buildSettings = {
				ASSETCATALOG_COMPILER_APPICON_NAME = AppIcon;
				INFOPLIST_FILE = Calculator/Info.plist;
				LD_RUNPATH_SEARCH_PATHS = "$(inherited) @executable_path/Frameworks";
				PRODUCT_NAME = "$(TARGET_NAME)";
			};
			name = Debug;
		};
		B10D9FEB1A768A6700B52DB1 /* Release */ = {
			isa = XCBuildConfiguration;
			buildSettings = {
				ASSETCATALOG_COMPILER_APPICON_NAME = AppIcon;
				INFOPLIST_FILE = Calculator/Info.plist;
				LD_RUNPATH_SEARCH_PATHS = "$(inherited) @executable_path/Frameworks";
				PRODUCT_NAME = "$(TARGET_NAME)";
			};
			name = Release;
		};
		B10D9FED1A768A6700B52DB1 /* Debug */ = {
			isa = XCBuildConfiguration;
			buildSettings = {
				BUNDLE_LOADER = "$(TEST_HOST)";
				FRAMEWORK_SEARCH_PATHS = (
					"$(SDKROOT)/Developer/Library/Frameworks",
					"$(inherited)",
				);
				GCC_PREPROCESSOR_DEFINITIONS = (
					"DEBUG=1",
					"$(inherited)",
				);
				INFOPLIST_FILE = CalculatorTests/Info.plist;
				LD_RUNPATH_SEARCH_PATHS = "$(inherited) @executable_path/Frameworks @loader_path/Frameworks";
				PRODUCT_NAME = "$(TARGET_NAME)";
				TEST_HOST = "$(BUILT_PRODUCTS_DIR)/Calculator.app/Calculator";
			};
			name = Debug;
		};
		B10D9FEE1A768A6700B52DB1 /* Release */ = {
			isa = XCBuildConfiguration;
			buildSettings = {
				BUNDLE_LOADER = "$(TEST_HOST)";
				FRAMEWORK_SEARCH_PATHS = (
					"$(SDKROOT)/Developer/Library/Frameworks",
					"$(inherited)",
				);
				INFOPLIST_FILE = CalculatorTests/Info.plist;
				LD_RUNPATH_SEARCH_PATHS = "$(inherited) @executable_path/Frameworks @loader_path/Frameworks";
				PRODUCT_NAME = "$(TARGET_NAME)";
				TEST_HOST = "$(BUILT_PRODUCTS_DIR)/Calculator.app/Calculator";
			};
			name = Release;
		};
/* End XCBuildConfiguration section */

/* Begin XCConfigurationList section */
		B10D9FC51A768A6600B52DB1 /* Build configuration list for PBXProject "Calculator" */ = {
			isa = XCConfigurationList;
			buildConfigurations = (
				B10D9FE71A768A6700B52DB1 /* Debug */,
				B10D9FE81A768A6700B52DB1 /* Release */,
			);
			defaultConfigurationIsVisible = 0;
			defaultConfigurationName = Release;
		};
		B10D9FE91A768A6700B52DB1 /* Build configuration list for PBXNativeTarget "Calculator" */ = {
			isa = XCConfigurationList;
			buildConfigurations = (
				B10D9FEA1A768A6700B52DB1 /* Debug */,
				B10D9FEB1A768A6700B52DB1 /* Release */,
			);
			defaultConfigurationIsVisible = 0;
			defaultConfigurationName = Release;
		};
		B10D9FEC1A768A6700B52DB1 /* Build configuration list for PBXNativeTarget "CalculatorTests" */ = {
			isa = XCConfigurationList;
			buildConfigurations = (
				B10D9FED1A768A6700B52DB1 /* Debug */,
				B10D9FEE1A768A6700B52DB1 /* Release */,
			);
			defaultConfigurationIsVisible = 0;
			defaultConfigurationName = Release;
		};
/* End XCConfigurationList section */
	};
	rootObject = B10D9FC21A768A6600B52DB1 /* Project object */;
}
